// !$*UTF8*$!
{
	archiveVersion = 1;
	classes = {
	};
	objectVersion = 50;
	objects = {

/* Begin PBXBuildFile section */
		DA36349222BA21EC00CA0FE2 /* AppDelegate.swift in Sources */ = {isa = PBXBuildFile; fileRef = DA36349122BA21EC00CA0FE2 /* AppDelegate.swift */; };
		DA36349422BA21EC00CA0FE2 /* ViewController.swift in Sources */ = {isa = PBXBuildFile; fileRef = DA36349322BA21EC00CA0FE2 /* ViewController.swift */; };
		DA36349722BA21EC00CA0FE2 /* Main.storyboard in Resources */ = {isa = PBXBuildFile; fileRef = DA36349522BA21EC00CA0FE2 /* Main.storyboard */; };
		DA36349922BA21ED00CA0FE2 /* Assets.xcassets in Resources */ = {isa = PBXBuildFile; fileRef = DA36349822BA21ED00CA0FE2 /* Assets.xcassets */; };
		DA36349C22BA21ED00CA0FE2 /* LaunchScreen.storyboard in Resources */ = {isa = PBXBuildFile; fileRef = DA36349A22BA21ED00CA0FE2 /* LaunchScreen.storyboard */; };
		DA3634A422BA221500CA0FE2 /* Task.swift in Sources */ = {isa = PBXBuildFile; fileRef = DA3634A322BA221500CA0FE2 /* Task.swift */; };
/* End PBXBuildFile section */

/* Begin PBXFileReference section */
		DA36348E22BA21EC00CA0FE2 /* Freelance Tasks.app */ = {isa = PBXFileReference; explicitFileType = wrapper.application; includeInIndex = 0; path = "Freelance Tasks.app"; sourceTree = BUILT_PRODUCTS_DIR; };
		DA36349122BA21EC00CA0FE2 /* AppDelegate.swift */ = {isa = PBXFileReference; lastKnownFileType = sourcecode.swift; path = AppDelegate.swift; sourceTree = "<group>"; };
		DA36349322BA21EC00CA0FE2 /* ViewController.swift */ = {isa = PBXFileReference; lastKnownFileType = sourcecode.swift; path = ViewController.swift; sourceTree = "<group>"; };
		DA36349622BA21EC00CA0FE2 /* Base */ = {isa = PBXFileReference; lastKnownFileType = file.storyboard; name = Base; path = Base.lproj/Main.storyboard; sourceTree = "<group>"; };
		DA36349822BA21ED00CA0FE2 /* Assets.xcassets */ = {isa = PBXFileReference; lastKnownFileType = folder.assetcatalog; path = Assets.xcassets; sourceTree = "<group>"; };
		DA36349B22BA21ED00CA0FE2 /* Base */ = {isa = PBXFileReference; lastKnownFileType = file.storyboard; name = Base; path = Base.lproj/LaunchScreen.storyboard; sourceTree = "<group>"; };
		DA36349D22BA21ED00CA0FE2 /* Info.plist */ = {isa = PBXFileReference; lastKnownFileType = text.plist.xml; path = Info.plist; sourceTree = "<group>"; };
		DA3634A322BA221500CA0FE2 /* Task.swift */ = {isa = PBXFileReference; lastKnownFileType = sourcecode.swift; path = Task.swift; sourceTree = "<group>"; };
/* End PBXFileReference section */

/* Begin PBXFrameworksBuildPhase section */
		DA36348B22BA21EC00CA0FE2 /* Frameworks */ = {
			isa = PBXFrameworksBuildPhase;
			buildActionMask = 2147483647;
			files = (
			);
			runOnlyForDeploymentPostprocessing = 0;
		};
/* End PBXFrameworksBuildPhase section */

/* Begin PBXGroup section */
		DA36348522BA21EC00CA0FE2 = {
			isa = PBXGroup;
			children = (
				DA36349022BA21EC00CA0FE2 /* Freelance Tasks */,
				DA36348F22BA21EC00CA0FE2 /* Products */,
			);
			sourceTree = "<group>";
		};
		DA36348F22BA21EC00CA0FE2 /* Products */ = {
			isa = PBXGroup;
			children = (
				DA36348E22BA21EC00CA0FE2 /* Freelance Tasks.app */,
			);
			name = Products;
			sourceTree = "<group>";
		};
		DA36349022BA21EC00CA0FE2 /* Freelance Tasks */ = {
			isa = PBXGroup;
			children = (
				DA36349122BA21EC00CA0FE2 /* AppDelegate.swift */,
				DA36349322BA21EC00CA0FE2 /* ViewController.swift */,
				DA3634A522BA222000CA0FE2 /* Model */,
				DA36349522BA21EC00CA0FE2 /* Main.storyboard */,
				DA36349822BA21ED00CA0FE2 /* Assets.xcassets */,
				DA36349A22BA21ED00CA0FE2 /* LaunchScreen.storyboard */,
				DA36349D22BA21ED00CA0FE2 /* Info.plist */,
			);
			path = "Freelance Tasks";
			sourceTree = "<group>";
		};
		DA3634A522BA222000CA0FE2 /* Model */ = {
			isa = PBXGroup;
			children = (
				DA3634A322BA221500CA0FE2 /* Task.swift */,
			);
			path = Model;
			sourceTree = "<group>";
		};
/* End PBXGroup section */

/* Begin PBXNativeTarget section */
		DA36348D22BA21EC00CA0FE2 /* Freelance Tasks */ = {
			isa = PBXNativeTarget;
			buildConfigurationList = DA3634A022BA21ED00CA0FE2 /* Build configuration list for PBXNativeTarget "Freelance Tasks" */;
			buildPhases = (
				DA36348A22BA21EC00CA0FE2 /* Sources */,
				DA36348B22BA21EC00CA0FE2 /* Frameworks */,
				DA36348C22BA21EC00CA0FE2 /* Resources */,
			);
			buildRules = (
			);
			dependencies = (
			);
			name = "Freelance Tasks";
			productName = "Freelance Tasks";
			productReference = DA36348E22BA21EC00CA0FE2 /* Freelance Tasks.app */;
			productType = "com.apple.product-type.application";
		};
/* End PBXNativeTarget section */

/* Begin PBXProject section */
		DA36348622BA21EC00CA0FE2 /* Project object */ = {
			isa = PBXProject;
			attributes = {
				LastSwiftUpdateCheck = 1020;
				LastUpgradeCheck = 1020;
				ORGANIZATIONNAME = "Zake Media Pty Ltd";
				TargetAttributes = {
					DA36348D22BA21EC00CA0FE2 = {
						CreatedOnToolsVersion = 10.2.1;
					};
				};
			};
			buildConfigurationList = DA36348922BA21EC00CA0FE2 /* Build configuration list for PBXProject "Freelance Tasks" */;
			compatibilityVersion = "Xcode 9.3";
			developmentRegion = en;
			hasScannedForEncodings = 0;
			knownRegions = (
				en,
				Base,
			);
			mainGroup = DA36348522BA21EC00CA0FE2;
			productRefGroup = DA36348F22BA21EC00CA0FE2 /* Products */;
			projectDirPath = "";
			projectRoot = "";
			targets = (
				DA36348D22BA21EC00CA0FE2 /* Freelance Tasks */,
			);
		};
/* End PBXProject section */

/* Begin PBXResourcesBuildPhase section */
		DA36348C22BA21EC00CA0FE2 /* Resources */ = {
			isa = PBXResourcesBuildPhase;
			buildActionMask = 2147483647;
			files = (
				DA36349C22BA21ED00CA0FE2 /* LaunchScreen.storyboard in Resources */,
				DA36349922BA21ED00CA0FE2 /* Assets.xcassets in Resources */,
				DA36349722BA21EC00CA0FE2 /* Main.storyboard in Resources */,
			);
			runOnlyForDeploymentPostprocessing = 0;
		};
/* End PBXResourcesBuildPhase section */

/* Begin PBXSourcesBuildPhase section */
		DA36348A22BA21EC00CA0FE2 /* Sources */ = {
			isa = PBXSourcesBuildPhase;
			buildActionMask = 2147483647;
			files = (
				DA36349422BA21EC00CA0FE2 /* ViewController.swift in Sources */,
				DA3634A422BA221500CA0FE2 /* Task.swift in Sources */,
				DA36349222BA21EC00CA0FE2 /* AppDelegate.swift in Sources */,
			);
			runOnlyForDeploymentPostprocessing = 0;
		};
/* End PBXSourcesBuildPhase section */

/* Begin PBXVariantGroup section */
		DA36349522BA21EC00CA0FE2 /* Main.storyboard */ = {
			isa = PBXVariantGroup;
			children = (
				DA36349622BA21EC00CA0FE2 /* Base */,
			);
			name = Main.storyboard;
			sourceTree = "<group>";
		};
		DA36349A22BA21ED00CA0FE2 /* LaunchScreen.storyboard */ = {
			isa = PBXVariantGroup;
			children = (
				DA36349B22BA21ED00CA0FE2 /* Base */,
			);
			name = LaunchScreen.storyboard;
			sourceTree = "<group>";
		};
/* End PBXVariantGroup section */

/* Begin XCBuildConfiguration section */
		DA36349E22BA21ED00CA0FE2 /* Debug */ = {
			isa = XCBuildConfiguration;
			buildSettings = {
				ALWAYS_SEARCH_USER_PATHS = NO;
				CLANG_ANALYZER_NONNULL = YES;
				CLANG_ANALYZER_NUMBER_OBJECT_CONVERSION = YES_AGGRESSIVE;
				CLANG_CXX_LANGUAGE_STANDARD = "gnu++14";
				CLANG_CXX_LIBRARY = "libc++";
				CLANG_ENABLE_MODULES = YES;
				CLANG_ENABLE_OBJC_ARC = YES;
				CLANG_ENABLE_OBJC_WEAK = YES;
				CLANG_WARN_BLOCK_CAPTURE_AUTORELEASING = YES;
				CLANG_WARN_BOOL_CONVERSION = YES;
				CLANG_WARN_COMMA = YES;
				CLANG_WARN_CONSTANT_CONVERSION = YES;
				CLANG_WARN_DEPRECATED_OBJC_IMPLEMENTATIONS = YES;
				CLANG_WARN_DIRECT_OBJC_ISA_USAGE = YES_ERROR;
				CLANG_WARN_DOCUMENTATION_COMMENTS = YES;
				CLANG_WARN_EMPTY_BODY = YES;
				CLANG_WARN_ENUM_CONVERSION = YES;
				CLANG_WARN_INFINITE_RECURSION = YES;
				CLANG_WARN_INT_CONVERSION = YES;
				CLANG_WARN_NON_LITERAL_NULL_CONVERSION = YES;
				CLANG_WARN_OBJC_IMPLICIT_RETAIN_SELF = YES;
				CLANG_WARN_OBJC_LITERAL_CONVERSION = YES;
				CLANG_WARN_OBJC_ROOT_CLASS = YES_ERROR;
				CLANG_WARN_RANGE_LOOP_ANALYSIS = YES;
				CLANG_WARN_STRICT_PROTOTYPES = YES;
				CLANG_WARN_SUSPICIOUS_MOVE = YES;
				CLANG_WARN_UNGUARDED_AVAILABILITY = YES_AGGRESSIVE;
				CLANG_WARN_UNREACHABLE_CODE = YES;
				CLANG_WARN__DUPLICATE_METHOD_MATCH = YES;
				CODE_SIGN_IDENTITY = "iPhone Developer";
				COPY_PHASE_STRIP = NO;
				DEBUG_INFORMATION_FORMAT = dwarf;
				ENABLE_STRICT_OBJC_MSGSEND = YES;
				ENABLE_TESTABILITY = YES;
				GCC_C_LANGUAGE_STANDARD = gnu11;
				GCC_DYNAMIC_NO_PIC = NO;
				GCC_NO_COMMON_BLOCKS = YES;
				GCC_OPTIMIZATION_LEVEL = 0;
				GCC_PREPROCESSOR_DEFINITIONS = (
					"DEBUG=1",
					"$(inherited)",
				);
				GCC_WARN_64_TO_32_BIT_CONVERSION = YES;
				GCC_WARN_ABOUT_RETURN_TYPE = YES_ERROR;
				GCC_WARN_UNDECLARED_SELECTOR = YES;
				GCC_WARN_UNINITIALIZED_AUTOS = YES_AGGRESSIVE;
				GCC_WARN_UNUSED_FUNCTION = YES;
				GCC_WARN_UNUSED_VARIABLE = YES;
				IPHONEOS_DEPLOYMENT_TARGET = 12.2;
				MTL_ENABLE_DEBUG_INFO = INCLUDE_SOURCE;
				MTL_FAST_MATH = YES;
				ONLY_ACTIVE_ARCH = YES;
				SDKROOT = iphoneos;
				SWIFT_ACTIVE_COMPILATION_CONDITIONS = DEBUG;
				SWIFT_OPTIMIZATION_LEVEL = "-Onone";
			};
			name = Debug;
		};
		DA36349F22BA21ED00CA0FE2 /* Release */ = {
			isa = XCBuildConfiguration;
			buildSettings = {
				ALWAYS_SEARCH_USER_PATHS = NO;
				CLANG_ANALYZER_NONNULL = YES;
				CLANG_ANALYZER_NUMBER_OBJECT_CONVERSION = YES_AGGRESSIVE;
				CLANG_CXX_LANGUAGE_STANDARD = "gnu++14";
				CLANG_CXX_LIBRARY = "libc++";
				CLANG_ENABLE_MODULES = YES;
				CLANG_ENABLE_OBJC_ARC = YES;
				CLANG_ENABLE_OBJC_WEAK = YES;
				CLANG_WARN_BLOCK_CAPTURE_AUTORELEASING = YES;
				CLANG_WARN_BOOL_CONVERSION = YES;
				CLANG_WARN_COMMA = YES;
				CLANG_WARN_CONSTANT_CONVERSION = YES;
				CLANG_WARN_DEPRECATED_OBJC_IMPLEMENTATIONS = YES;
				CLANG_WARN_DIRECT_OBJC_ISA_USAGE = YES_ERROR;
				CLANG_WARN_DOCUMENTATION_COMMENTS = YES;
				CLANG_WARN_EMPTY_BODY = YES;
				CLANG_WARN_ENUM_CONVERSION = YES;
				CLANG_WARN_INFINITE_RECURSION = YES;
				CLANG_WARN_INT_CONVERSION = YES;
				CLANG_WARN_NON_LITERAL_NULL_CONVERSION = YES;
				CLANG_WARN_OBJC_IMPLICIT_RETAIN_SELF = YES;
				CLANG_WARN_OBJC_LITERAL_CONVERSION = YES;
				CLANG_WARN_OBJC_ROOT_CLASS = YES_ERROR;
				CLANG_WARN_RANGE_LOOP_ANALYSIS = YES;
				CLANG_WARN_STRICT_PROTOTYPES = YES;
				CLANG_WARN_SUSPICIOUS_MOVE = YES;
				CLANG_WARN_UNGUARDED_AVAILABILITY = YES_AGGRESSIVE;
				CLANG_WARN_UNREACHABLE_CODE = YES;
				CLANG_WARN__DUPLICATE_METHOD_MATCH = YES;
				CODE_SIGN_IDENTITY = "iPhone Developer";
				COPY_PHASE_STRIP = NO;
				DEBUG_INFORMATION_FORMAT = "dwarf-with-dsym";
				ENABLE_NS_ASSERTIONS = NO;
				ENABLE_STRICT_OBJC_MSGSEND = YES;
				GCC_C_LANGUAGE_STANDARD = gnu11;
				GCC_NO_COMMON_BLOCKS = YES;
				GCC_WARN_64_TO_32_BIT_CONVERSION = YES;
				GCC_WARN_ABOUT_RETURN_TYPE = YES_ERROR;
				GCC_WARN_UNDECLARED_SELECTOR = YES;
				GCC_WARN_UNINITIALIZED_AUTOS = YES_AGGRESSIVE;
				GCC_WARN_UNUSED_FUNCTION = YES;
				GCC_WARN_UNUSED_VARIABLE = YES;
				IPHONEOS_DEPLOYMENT_TARGET = 12.2;
				MTL_ENABLE_DEBUG_INFO = NO;
				MTL_FAST_MATH = YES;
				SDKROOT = iphoneos;
				SWIFT_COMPILATION_MODE = wholemodule;
				SWIFT_OPTIMIZATION_LEVEL = "-O";
				VALIDATE_PRODUCT = YES;
			};
			name = Release;
		};
		DA3634A122BA21ED00CA0FE2 /* Debug */ = {
			isa = XCBuildConfiguration;
			buildSettings = {
				ASSETCATALOG_COMPILER_APPICON_NAME = AppIcon;
				CODE_SIGN_STYLE = Automatic;
				DEVELOPMENT_TEAM = 9AX96WF75R;
				INFOPLIST_FILE = "Freelance Tasks/Info.plist";
				LD_RUNPATH_SEARCH_PATHS = (
					"$(inherited)",
					"@executable_path/Frameworks",
				);
				PRODUCT_BUNDLE_IDENTIFIER = "com.welbyjennings.Freelance-Tasks";
				PRODUCT_NAME = "$(TARGET_NAME)";
				SWIFT_VERSION = 5.0;
				TARGETED_DEVICE_FAMILY = "1,2";
			};
			name = Debug;
		};
		DA3634A222BA21ED00CA0FE2 /* Release */ = {
			isa = XCBuildConfiguration;
			buildSettings = {
				ASSETCATALOG_COMPILER_APPICON_NAME = AppIcon;
				CODE_SIGN_STYLE = Automatic;
				DEVELOPMENT_TEAM = 9AX96WF75R;
				INFOPLIST_FILE = "Freelance Tasks/Info.plist";
				LD_RUNPATH_SEARCH_PATHS = (
					"$(inherited)",
					"@executable_path/Frameworks",
				);
				PRODUCT_BUNDLE_IDENTIFIER = "com.welbyjennings.Freelance-Tasks";
				PRODUCT_NAME = "$(TARGET_NAME)";
				SWIFT_VERSION = 5.0;
				TARGETED_DEVICE_FAMILY = "1,2";
			};
			name = Release;
		};
/* End XCBuildConfiguration section */

/* Begin XCConfigurationList section */
		DA36348922BA21EC00CA0FE2 /* Build configuration list for PBXProject "Freelance Tasks" */ = {
			isa = XCConfigurationList;
			buildConfigurations = (
				DA36349E22BA21ED00CA0FE2 /* Debug */,
				DA36349F22BA21ED00CA0FE2 /* Release */,
			);
			defaultConfigurationIsVisible = 0;
			defaultConfigurationName = Release;
		};
		DA3634A022BA21ED00CA0FE2 /* Build configuration list for PBXNativeTarget "Freelance Tasks" */ = {
			isa = XCConfigurationList;
			buildConfigurations = (
				DA3634A122BA21ED00CA0FE2 /* Debug */,
				DA3634A222BA21ED00CA0FE2 /* Release */,
			);
			defaultConfigurationIsVisible = 0;
			defaultConfigurationName = Release;
		};
/* End XCConfigurationList section */
	};
	rootObject = DA36348622BA21EC00CA0FE2 /* Project object */;
}
